
Microsoft Visual Studio Solution File, Format Version 12.00
# Visual Studio Version 16
VisualStudioVersion = 16.0.30002.166
MinimumVisualStudioVersion = 10.0.40219.1
Project("{FAE04EC0-301F-11D3-BF4B-00C04F79EFBC}") = "SetLogonAsService", "SetLogonAsService.csproj", "{D315FF66-21BB-42E6-BBFC-1BB03E2E6BCA}"
EndProject
Global
	GlobalSection(SolutionConfigurationPlatforms) = preSolution
		Debug|Any CPU = Debug|Any CPU
		Release|Any CPU = Release|Any CPU
	EndGlobalSection
	GlobalSection(ProjectConfigurationPlatforms) = postSolution
		{D315FF66-21BB-42E6-BBFC-1BB03E2E6BCA}.Debug|Any CPU.ActiveCfg = Release|Any CPU
		{D315FF66-21BB-42E6-BBFC-1BB03E2E6BCA}.Debug|Any CPU.Build.0 = Release|Any CPU
		{D315FF66-21BB-42E6-BBFC-1BB03E2E6BCA}.Release|Any CPU.ActiveCfg = Release|Any CPU
		{D315FF66-21BB-42E6-BBFC-1BB03E2E6BCA}.Release|Any CPU.Build.0 = Release|Any CPU
	EndGlobalSection
	GlobalSection(SolutionProperties) = preSolution
		HideSolutionNode = FALSE
	EndGlobalSection
	GlobalSection(ExtensibilityGlobals) = postSolution
		SolutionGuid = {EE981546-C1C5-4D72-9065-C34E90DE4571}
	EndGlobalSection
EndGlobal
